
Microsoft Visual Studio Solution File, Format Version 12.00
# Visual Studio Version 17
VisualStudioVersion = 17.5.33516.290
MinimumVisualStudioVersion = 10.0.40219.1
Project("{8BC9CEB8-8B4A-11D0-8D11-00A0C91BC942}") = "Event", "Event\Event.vcxproj", "{E256731E-D040-4CD1-AC65-6BD723262900}"
EndProject
Project("{8BC9CEB8-8B4A-11D0-8D11-00A0C91BC942}") = "TestAny", "TestAny\TestAny.vcxproj", "{9007F7C1-33D4-4008-8032-2877639F00BF}"
EndProject
Project("{8BC9CEB8-8B4A-11D0-8D11-00A0C91BC942}") = "ECS", "ECS\ECS.vcxproj", "{24207FEE-E37A-45CD-906F-330EAAA02CA1}"
EndProject
Project("{8BC9CEB8-8B4A-11D0-8D11-00A0C91BC942}") = "Range", "Range\Range.vcxproj", "{EECAB697-FC4D-4687-A44E-DE9CC2917E99}"
EndProject
Project("{8BC9CEB8-8B4A-11D0-8D11-00A0C91BC942}") = "MultipleInheritance", "MultipleInheritance\MultipleInheritance.vcxproj", "{8ACD6910-C2A2-498E-B8B0-9BAC677CD021}"
EndProject
Project("{8BC9CEB8-8B4A-11D0-8D11-00A0C91BC942}") = "StringView", "StringView\StringView.vcxproj", "{0956D36B-2BC6-444E-AA48-08D613C6831D}"
EndProject
Project("{8BC9CEB8-8B4A-11D0-8D11-00A0C91BC942}") = "IDString", "IDString\IDString.vcxproj", "{34B8CF12-E43C-4C71-BEE0-CA731A6D3701}"
EndProject
Project("{8BC9CEB8-8B4A-11D0-8D11-00A0C91BC942}") = "VirtualBase", "VirtualBase\VirtualBase.vcxproj", "{D0E7B317-9ABE-4A46-BFB9-4E7613C4C4E3}"
EndProject
Project("{8BC9CEB8-8B4A-11D0-8D11-00A0C91BC942}") = "Coroutine", "Coroutine\Coroutine.vcxproj", "{AA0B9708-9A83-4190-B626-8A8C7AA41DA8}"
EndProject
Project("{8BC9CEB8-8B4A-11D0-8D11-00A0C91BC942}") = "SmartPointer", "SmartPointer\SmartPointer.vcxproj", "{704EC966-144B-45AF-8070-4F361CD9EB70}"
EndProject
Project("{8BC9CEB8-8B4A-11D0-8D11-00A0C91BC942}") = "Octree", "Octree\Octree.vcxproj", "{4DD8DE2C-3084-4D42-A8E0-D7C20DFDDB81}"
EndProject
Project("{8BC9CEB8-8B4A-11D0-8D11-00A0C91BC942}") = "Thread", "Thread\Thread.vcxproj", "{2079A2F4-F79E-4C42-B1AA-10AE5FEE2168}"
EndProject
Project("{8BC9CEB8-8B4A-11D0-8D11-00A0C91BC942}") = "Regex", "Regex\Regex.vcxproj", "{2106A989-5FDE-41DA-95F5-3148C0929520}"
EndProject
Project("{8BC9CEB8-8B4A-11D0-8D11-00A0C91BC942}") = "CombineID", "CombineID\CombineID.vcxproj", "{53E2CB96-FD3D-47B7-BACF-339B91D50374}"
EndProject
Project("{8BC9CEB8-8B4A-11D0-8D11-00A0C91BC942}") = "Decltpye", "Decltpye\Decltpye.vcxproj", "{9813D486-4615-4B2F-A91B-B0908B6FC7D3}"
EndProject
Project("{8BC9CEB8-8B4A-11D0-8D11-00A0C91BC942}") = "TypeTraits", "TypeTraits\TypeTraits.vcxproj", "{05A74DC9-73F9-4C85-B8F0-943401E6691A}"
EndProject
Project("{8BC9CEB8-8B4A-11D0-8D11-00A0C91BC942}") = "TezcatFramework", "TezcatFramework\TezcatFramework.vcxproj", "{53169757-B03B-4915-9488-C978938032A2}"
EndProject
Project("{8BC9CEB8-8B4A-11D0-8D11-00A0C91BC942}") = "TestSmartPointer", "TestSmartPointer\TestSmartPointer.vcxproj", "{6C04A60A-86CF-4BFC-BC46-E500EE2181D5}"
EndProject
Project("{8BC9CEB8-8B4A-11D0-8D11-00A0C91BC942}") = "TestLog", "TestLog\TestLog.vcxproj", "{5C272495-609A-45B4-A473-FA7299019C83}"
EndProject
Global
	GlobalSection(SolutionConfigurationPlatforms) = preSolution
		Debug|x64 = Debug|x64
		Debug|x86 = Debug|x86
		Release|x64 = Release|x64
		Release|x86 = Release|x86
	EndGlobalSection
	GlobalSection(ProjectConfigurationPlatforms) = postSolution
		{E256731E-D040-4CD1-AC65-6BD723262900}.Debug|x64.ActiveCfg = Debug|x64
		{E256731E-D040-4CD1-AC65-6BD723262900}.Debug|x64.Build.0 = Debug|x64
		{E256731E-D040-4CD1-AC65-6BD723262900}.Debug|x86.ActiveCfg = Debug|Win32
		{E256731E-D040-4CD1-AC65-6BD723262900}.Debug|x86.Build.0 = Debug|Win32
		{E256731E-D040-4CD1-AC65-6BD723262900}.Release|x64.ActiveCfg = Release|x64
		{E256731E-D040-4CD1-AC65-6BD723262900}.Release|x64.Build.0 = Release|x64
		{E256731E-D040-4CD1-AC65-6BD723262900}.Release|x86.ActiveCfg = Release|Win32
		{E256731E-D040-4CD1-AC65-6BD723262900}.Release|x86.Build.0 = Release|Win32
		{9007F7C1-33D4-4008-8032-2877639F00BF}.Debug|x64.ActiveCfg = Debug|x64
		{9007F7C1-33D4-4008-8032-2877639F00BF}.Debug|x64.Build.0 = Debug|x64
		{9007F7C1-33D4-4008-8032-2877639F00BF}.Debug|x86.ActiveCfg = Debug|Win32
		{9007F7C1-33D4-4008-8032-2877639F00BF}.Debug|x86.Build.0 = Debug|Win32
		{9007F7C1-33D4-4008-8032-2877639F00BF}.Release|x64.ActiveCfg = Release|x64
		{9007F7C1-33D4-4008-8032-2877639F00BF}.Release|x64.Build.0 = Release|x64
		{9007F7C1-33D4-4008-8032-2877639F00BF}.Release|x86.ActiveCfg = Release|Win32
		{9007F7C1-33D4-4008-8032-2877639F00BF}.Release|x86.Build.0 = Release|Win32
		{24207FEE-E37A-45CD-906F-330EAAA02CA1}.Debug|x64.ActiveCfg = Debug|x64
		{24207FEE-E37A-45CD-906F-330EAAA02CA1}.Debug|x64.Build.0 = Debug|x64
		{24207FEE-E37A-45CD-906F-330EAAA02CA1}.Debug|x86.ActiveCfg = Debug|Win32
		{24207FEE-E37A-45CD-906F-330EAAA02CA1}.Debug|x86.Build.0 = Debug|Win32
		{24207FEE-E37A-45CD-906F-330EAAA02CA1}.Release|x64.ActiveCfg = Release|x64
		{24207FEE-E37A-45CD-906F-330EAAA02CA1}.Release|x64.Build.0 = Release|x64
		{24207FEE-E37A-45CD-906F-330EAAA02CA1}.Release|x86.ActiveCfg = Release|Win32
		{24207FEE-E37A-45CD-906F-330EAAA02CA1}.Release|x86.Build.0 = Release|Win32
		{EECAB697-FC4D-4687-A44E-DE9CC2917E99}.Debug|x64.ActiveCfg = Debug|x64
		{EECAB697-FC4D-4687-A44E-DE9CC2917E99}.Debug|x64.Build.0 = Debug|x64
		{EECAB697-FC4D-4687-A44E-DE9CC2917E99}.Debug|x86.ActiveCfg = Debug|Win32
		{EECAB697-FC4D-4687-A44E-DE9CC2917E99}.Debug|x86.Build.0 = Debug|Win32
		{EECAB697-FC4D-4687-A44E-DE9CC2917E99}.Release|x64.ActiveCfg = Release|x64
		{EECAB697-FC4D-4687-A44E-DE9CC2917E99}.Release|x64.Build.0 = Release|x64
		{EECAB697-FC4D-4687-A44E-DE9CC2917E99}.Release|x86.ActiveCfg = Release|Win32
		{EECAB697-FC4D-4687-A44E-DE9CC2917E99}.Release|x86.Build.0 = Release|Win32
		{8ACD6910-C2A2-498E-B8B0-9BAC677CD021}.Debug|x64.ActiveCfg = Debug|x64
		{8ACD6910-C2A2-498E-B8B0-9BAC677CD021}.Debug|x64.Build.0 = Debug|x64
		{8ACD6910-C2A2-498E-B8B0-9BAC677CD021}.Debug|x86.ActiveCfg = Debug|Win32
		{8ACD6910-C2A2-498E-B8B0-9BAC677CD021}.Debug|x86.Build.0 = Debug|Win32
		{8ACD6910-C2A2-498E-B8B0-9BAC677CD021}.Release|x64.ActiveCfg = Release|x64
		{8ACD6910-C2A2-498E-B8B0-9BAC677CD021}.Release|x64.Build.0 = Release|x64
		{8ACD6910-C2A2-498E-B8B0-9BAC677CD021}.Release|x86.ActiveCfg = Release|Win32
		{8ACD6910-C2A2-498E-B8B0-9BAC677CD021}.Release|x86.Build.0 = Release|Win32
		{0956D36B-2BC6-444E-AA48-08D613C6831D}.Debug|x64.ActiveCfg = Debug|x64
		{0956D36B-2BC6-444E-AA48-08D613C6831D}.Debug|x64.Build.0 = Debug|x64
		{0956D36B-2BC6-444E-AA48-08D613C6831D}.Debug|x86.ActiveCfg = Debug|Win32
		{0956D36B-2BC6-444E-AA48-08D613C6831D}.Debug|x86.Build.0 = Debug|Win32
		{0956D36B-2BC6-444E-AA48-08D613C6831D}.Release|x64.ActiveCfg = Release|x64
		{0956D36B-2BC6-444E-AA48-08D613C6831D}.Release|x64.Build.0 = Release|x64
		{0956D36B-2BC6-444E-AA48-08D613C6831D}.Release|x86.ActiveCfg = Release|Win32
		{0956D36B-2BC6-444E-AA48-08D613C6831D}.Release|x86.Build.0 = Release|Win32
		{34B8CF12-E43C-4C71-BEE0-CA731A6D3701}.Debug|x64.ActiveCfg = Debug|x64
		{34B8CF12-E43C-4C71-BEE0-CA731A6D3701}.Debug|x64.Build.0 = Debug|x64
		{34B8CF12-E43C-4C71-BEE0-CA731A6D3701}.Debug|x86.ActiveCfg = Debug|Win32
		{34B8CF12-E43C-4C71-BEE0-CA731A6D3701}.Debug|x86.Build.0 = Debug|Win32
		{34B8CF12-E43C-4C71-BEE0-CA731A6D3701}.Release|x64.ActiveCfg = Release|x64
		{34B8CF12-E43C-4C71-BEE0-CA731A6D3701}.Release|x64.Build.0 = Release|x64
		{34B8CF12-E43C-4C71-BEE0-CA731A6D3701}.Release|x86.ActiveCfg = Release|Win32
		{34B8CF12-E43C-4C71-BEE0-CA731A6D3701}.Release|x86.Build.0 = Release|Win32
		{D0E7B317-9ABE-4A46-BFB9-4E7613C4C4E3}.Debug|x64.ActiveCfg = Debug|x64
		{D0E7B317-9ABE-4A46-BFB9-4E7613C4C4E3}.Debug|x64.Build.0 = Debug|x64
		{D0E7B317-9ABE-4A46-BFB9-4E7613C4C4E3}.Debug|x86.ActiveCfg = Debug|Win32
		{D0E7B317-9ABE-4A46-BFB9-4E7613C4C4E3}.Debug|x86.Build.0 = Debug|Win32
		{D0E7B317-9ABE-4A46-BFB9-4E7613C4C4E3}.Release|x64.ActiveCfg = Release|x64
		{D0E7B317-9ABE-4A46-BFB9-4E7613C4C4E3}.Release|x64.Build.0 = Release|x64
		{D0E7B317-9ABE-4A46-BFB9-4E7613C4C4E3}.Release|x86.ActiveCfg = Release|Win32
		{D0E7B317-9ABE-4A46-BFB9-4E7613C4C4E3}.Release|x86.Build.0 = Release|Win32
		{AA0B9708-9A83-4190-B626-8A8C7AA41DA8}.Debug|x64.ActiveCfg = Debug|x64
		{AA0B9708-9A83-4190-B626-8A8C7AA41DA8}.Debug|x64.Build.0 = Debug|x64
		{AA0B9708-9A83-4190-B626-8A8C7AA41DA8}.Debug|x86.ActiveCfg = Debug|Win32
		{AA0B9708-9A83-4190-B626-8A8C7AA41DA8}.Debug|x86.Build.0 = Debug|Win32
		{AA0B9708-9A83-4190-B626-8A8C7AA41DA8}.Release|x64.ActiveCfg = Release|x64
		{AA0B9708-9A83-4190-B626-8A8C7AA41DA8}.Release|x64.Build.0 = Release|x64
		{AA0B9708-9A83-4190-B626-8A8C7AA41DA8}.Release|x86.ActiveCfg = Release|Win32
		{AA0B9708-9A83-4190-B626-8A8C7AA41DA8}.Release|x86.Build.0 = Release|Win32
		{704EC966-144B-45AF-8070-4F361CD9EB70}.Debug|x64.ActiveCfg = Debug|x64
		{704EC966-144B-45AF-8070-4F361CD9EB70}.Debug|x64.Build.0 = Debug|x64
		{704EC966-144B-45AF-8070-4F361CD9EB70}.Debug|x86.ActiveCfg = Debug|Win32
		{704EC966-144B-45AF-8070-4F361CD9EB70}.Debug|x86.Build.0 = Debug|Win32
		{704EC966-144B-45AF-8070-4F361CD9EB70}.Release|x64.ActiveCfg = Release|x64
		{704EC966-144B-45AF-8070-4F361CD9EB70}.Release|x64.Build.0 = Release|x64
		{704EC966-144B-45AF-8070-4F361CD9EB70}.Release|x86.ActiveCfg = Release|Win32
		{704EC966-144B-45AF-8070-4F361CD9EB70}.Release|x86.Build.0 = Release|Win32
		{4DD8DE2C-3084-4D42-A8E0-D7C20DFDDB81}.Debug|x64.ActiveCfg = Debug|x64
		{4DD8DE2C-3084-4D42-A8E0-D7C20DFDDB81}.Debug|x64.Build.0 = Debug|x64
		{4DD8DE2C-3084-4D42-A8E0-D7C20DFDDB81}.Debug|x86.ActiveCfg = Debug|Win32
		{4DD8DE2C-3084-4D42-A8E0-D7C20DFDDB81}.Debug|x86.Build.0 = Debug|Win32
		{4DD8DE2C-3084-4D42-A8E0-D7C20DFDDB81}.Release|x64.ActiveCfg = Release|x64
		{4DD8DE2C-3084-4D42-A8E0-D7C20DFDDB81}.Release|x64.Build.0 = Release|x64
		{4DD8DE2C-3084-4D42-A8E0-D7C20DFDDB81}.Release|x86.ActiveCfg = Release|Win32
		{4DD8DE2C-3084-4D42-A8E0-D7C20DFDDB81}.Release|x86.Build.0 = Release|Win32
		{2079A2F4-F79E-4C42-B1AA-10AE5FEE2168}.Debug|x64.ActiveCfg = Debug|x64
		{2079A2F4-F79E-4C42-B1AA-10AE5FEE2168}.Debug|x64.Build.0 = Debug|x64
		{2079A2F4-F79E-4C42-B1AA-10AE5FEE2168}.Debug|x86.ActiveCfg = Debug|Win32
		{2079A2F4-F79E-4C42-B1AA-10AE5FEE2168}.Debug|x86.Build.0 = Debug|Win32
		{2079A2F4-F79E-4C42-B1AA-10AE5FEE2168}.Release|x64.ActiveCfg = Release|x64
		{2079A2F4-F79E-4C42-B1AA-10AE5FEE2168}.Release|x64.Build.0 = Release|x64
		{2079A2F4-F79E-4C42-B1AA-10AE5FEE2168}.Release|x86.ActiveCfg = Release|Win32
		{2079A2F4-F79E-4C42-B1AA-10AE5FEE2168}.Release|x86.Build.0 = Release|Win32
		{2106A989-5FDE-41DA-95F5-3148C0929520}.Debug|x64.ActiveCfg = Debug|x64
		{2106A989-5FDE-41DA-95F5-3148C0929520}.Debug|x64.Build.0 = Debug|x64
		{2106A989-5FDE-41DA-95F5-3148C0929520}.Debug|x86.ActiveCfg = Debug|Win32
		{2106A989-5FDE-41DA-95F5-3148C0929520}.Debug|x86.Build.0 = Debug|Win32
		{2106A989-5FDE-41DA-95F5-3148C0929520}.Release|x64.ActiveCfg = Release|x64
		{2106A989-5FDE-41DA-95F5-3148C0929520}.Release|x64.Build.0 = Release|x64
		{2106A989-5FDE-41DA-95F5-3148C0929520}.Release|x86.ActiveCfg = Release|Win32
		{2106A989-5FDE-41DA-95F5-3148C0929520}.Release|x86.Build.0 = Release|Win32
		{53E2CB96-FD3D-47B7-BACF-339B91D50374}.Debug|x64.ActiveCfg = Debug|x64
		{53E2CB96-FD3D-47B7-BACF-339B91D50374}.Debug|x64.Build.0 = Debug|x64
		{53E2CB96-FD3D-47B7-BACF-339B91D50374}.Debug|x86.ActiveCfg = Debug|Win32
		{53E2CB96-FD3D-47B7-BACF-339B91D50374}.Debug|x86.Build.0 = Debug|Win32
		{53E2CB96-FD3D-47B7-BACF-339B91D50374}.Release|x64.ActiveCfg = Release|x64
		{53E2CB96-FD3D-47B7-BACF-339B91D50374}.Release|x64.Build.0 = Release|x64
		{53E2CB96-FD3D-47B7-BACF-339B91D50374}.Release|x86.ActiveCfg = Release|Win32
		{53E2CB96-FD3D-47B7-BACF-339B91D50374}.Release|x86.Build.0 = Release|Win32
		{9813D486-4615-4B2F-A91B-B0908B6FC7D3}.Debug|x64.ActiveCfg = Debug|x64
		{9813D486-4615-4B2F-A91B-B0908B6FC7D3}.Debug|x64.Build.0 = Debug|x64
		{9813D486-4615-4B2F-A91B-B0908B6FC7D3}.Debug|x86.ActiveCfg = Debug|Win32
		{9813D486-4615-4B2F-A91B-B0908B6FC7D3}.Debug|x86.Build.0 = Debug|Win32
		{9813D486-4615-4B2F-A91B-B0908B6FC7D3}.Release|x64.ActiveCfg = Release|x64
		{9813D486-4615-4B2F-A91B-B0908B6FC7D3}.Release|x64.Build.0 = Release|x64
		{9813D486-4615-4B2F-A91B-B0908B6FC7D3}.Release|x86.ActiveCfg = Release|Win32
		{9813D486-4615-4B2F-A91B-B0908B6FC7D3}.Release|x86.Build.0 = Release|Win32
		{05A74DC9-73F9-4C85-B8F0-943401E6691A}.Debug|x64.ActiveCfg = Debug|x64
		{05A74DC9-73F9-4C85-B8F0-943401E6691A}.Debug|x64.Build.0 = Debug|x64
		{05A74DC9-73F9-4C85-B8F0-943401E6691A}.Debug|x86.ActiveCfg = Debug|Win32
		{05A74DC9-73F9-4C85-B8F0-943401E6691A}.Debug|x86.Build.0 = Debug|Win32
		{05A74DC9-73F9-4C85-B8F0-943401E6691A}.Release|x64.ActiveCfg = Release|x64
		{05A74DC9-73F9-4C85-B8F0-943401E6691A}.Release|x64.Build.0 = Release|x64
		{05A74DC9-73F9-4C85-B8F0-943401E6691A}.Release|x86.ActiveCfg = Release|Win32
		{05A74DC9-73F9-4C85-B8F0-943401E6691A}.Release|x86.Build.0 = Release|Win32
		{53169757-B03B-4915-9488-C978938032A2}.Debug|x64.ActiveCfg = Debug|x64
		{53169757-B03B-4915-9488-C978938032A2}.Debug|x64.Build.0 = Debug|x64
		{53169757-B03B-4915-9488-C978938032A2}.Debug|x86.ActiveCfg = Debug|Win32
		{53169757-B03B-4915-9488-C978938032A2}.Debug|x86.Build.0 = Debug|Win32
		{53169757-B03B-4915-9488-C978938032A2}.Release|x64.ActiveCfg = Release|x64
		{53169757-B03B-4915-9488-C978938032A2}.Release|x64.Build.0 = Release|x64
		{53169757-B03B-4915-9488-C978938032A2}.Release|x86.ActiveCfg = Release|Win32
		{53169757-B03B-4915-9488-C978938032A2}.Release|x86.Build.0 = Release|Win32
		{6C04A60A-86CF-4BFC-BC46-E500EE2181D5}.Debug|x64.ActiveCfg = Debug|x64
		{6C04A60A-86CF-4BFC-BC46-E500EE2181D5}.Debug|x64.Build.0 = Debug|x64
		{6C04A60A-86CF-4BFC-BC46-E500EE2181D5}.Debug|x86.ActiveCfg = Debug|Win32
		{6C04A60A-86CF-4BFC-BC46-E500EE2181D5}.Debug|x86.Build.0 = Debug|Win32
		{6C04A60A-86CF-4BFC-BC46-E500EE2181D5}.Release|x64.ActiveCfg = Release|x64
		{6C04A60A-86CF-4BFC-BC46-E500EE2181D5}.Release|x64.Build.0 = Release|x64
		{6C04A60A-86CF-4BFC-BC46-E500EE2181D5}.Release|x86.ActiveCfg = Release|Win32
		{6C04A60A-86CF-4BFC-BC46-E500EE2181D5}.Release|x86.Build.0 = Release|Win32
		{5C272495-609A-45B4-A473-FA7299019C83}.Debug|x64.ActiveCfg = Debug|x64
		{5C272495-609A-45B4-A473-FA7299019C83}.Debug|x64.Build.0 = Debug|x64
		{5C272495-609A-45B4-A473-FA7299019C83}.Debug|x86.ActiveCfg = Debug|Win32
		{5C272495-609A-45B4-A473-FA7299019C83}.Debug|x86.Build.0 = Debug|Win32
		{5C272495-609A-45B4-A473-FA7299019C83}.Release|x64.ActiveCfg = Release|x64
		{5C272495-609A-45B4-A473-FA7299019C83}.Release|x64.Build.0 = Release|x64
		{5C272495-609A-45B4-A473-FA7299019C83}.Release|x86.ActiveCfg = Release|Win32
		{5C272495-609A-45B4-A473-FA7299019C83}.Release|x86.Build.0 = Release|Win32
	EndGlobalSection
	GlobalSection(SolutionProperties) = preSolution
		HideSolutionNode = FALSE
	EndGlobalSection
	GlobalSection(ExtensibilityGlobals) = postSolution
		SolutionGuid = {5C83A721-F23F-4484-AE97-C2A4383D6AB9}
	EndGlobalSection
EndGlobal
